// !$*UTF8*$!
{
	archiveVersion = 1;
	classes = {
	};
	objectVersion = 46;
	objects = {

/* Begin PBXBuildFile section */
		B7A5CA8EF04A6A9E9863B4AB /* libPods-adamaTestProject.a in Frameworks */ = {isa = PBXBuildFile; fileRef = 7B789EE5100EBB859D595AE4 /* libPods-adamaTestProject.a */; };
		CDA74F8E1D1073E9001A3E3D /* KSPrepsViewController.m in Sources */ = {isa = PBXBuildFile; fileRef = CDA74F8D1D1073E9001A3E3D /* KSPrepsViewController.m */; };
		CDA74F941D1074C4001A3E3D /* KSPrepsDetailViewController.m in Sources */ = {isa = PBXBuildFile; fileRef = CDA74F931D1074C4001A3E3D /* KSPrepsDetailViewController.m */; };
		CDA74F971D1076F4001A3E3D /* KSPreparations.m in Sources */ = {isa = PBXBuildFile; fileRef = CDA74F961D1076F4001A3E3D /* KSPreparations.m */; };
		CDA74F9D1D10800A001A3E3D /* KSPrepsTableViewCell.m in Sources */ = {isa = PBXBuildFile; fileRef = CDA74F9C1D10800A001A3E3D /* KSPrepsTableViewCell.m */; };
		CDA74F9F1D1084A3001A3E3D /* database.sqlite in Resources */ = {isa = PBXBuildFile; fileRef = CDA74F9E1D1084A3001A3E3D /* database.sqlite */; };
		CDA74FA31D10BBD8001A3E3D /* KSPreparationsDetail.m in Sources */ = {isa = PBXBuildFile; fileRef = CDA74FA21D10BBD8001A3E3D /* KSPreparationsDetail.m */; };
		CDA74FA71D119639001A3E3D /* KSPrepsDetailTableViewCell.m in Sources */ = {isa = PBXBuildFile; fileRef = CDA74FA61D119639001A3E3D /* KSPrepsDetailTableViewCell.m */; };
		CDA74FAA1D120CB2001A3E3D /* KSHeaderTableViewCell.m in Sources */ = {isa = PBXBuildFile; fileRef = CDA74FA91D120CB2001A3E3D /* KSHeaderTableViewCell.m */; };
		CDA74FAE1D121A6E001A3E3D /* KSDownloadHelper.m in Sources */ = {isa = PBXBuildFile; fileRef = CDA74FAD1D121A6E001A3E3D /* KSDownloadHelper.m */; };
		CDEE3DAF1D10261F0005C8A2 /* main.m in Sources */ = {isa = PBXBuildFile; fileRef = CDEE3DAE1D10261F0005C8A2 /* main.m */; };
		CDEE3DB21D10261F0005C8A2 /* AppDelegate.m in Sources */ = {isa = PBXBuildFile; fileRef = CDEE3DB11D10261F0005C8A2 /* AppDelegate.m */; };
		CDEE3DBA1D10261F0005C8A2 /* Assets.xcassets in Resources */ = {isa = PBXBuildFile; fileRef = CDEE3DB91D10261F0005C8A2 /* Assets.xcassets */; };
		CDEE3DDF1D103D240005C8A2 /* LaunchScreen.storyboard in Resources */ = {isa = PBXBuildFile; fileRef = CDEE3DDB1D103D240005C8A2 /* LaunchScreen.storyboard */; };
		CDEE3DE01D103D240005C8A2 /* Main.storyboard in Resources */ = {isa = PBXBuildFile; fileRef = CDEE3DDD1D103D240005C8A2 /* Main.storyboard */; };
		CDEE3DE61D10432B0005C8A2 /* KSDatabaseManager.m in Sources */ = {isa = PBXBuildFile; fileRef = CDEE3DE51D10432B0005C8A2 /* KSDatabaseManager.m */; };
		CDEE3DEA1D10438E0005C8A2 /* KSDispatch.m in Sources */ = {isa = PBXBuildFile; fileRef = CDEE3DE91D10438E0005C8A2 /* KSDispatch.m */; };
/* End PBXBuildFile section */

/* Begin PBXContainerItemProxy section */
		CDEE3DC41D10261F0005C8A2 /* PBXContainerItemProxy */ = {
			isa = PBXContainerItemProxy;
			containerPortal = CDEE3DA21D10261E0005C8A2 /* Project object */;
			proxyType = 1;
			remoteGlobalIDString = CDEE3DA91D10261F0005C8A2;
			remoteInfo = adamaTestProject;
		};
/* End PBXContainerItemProxy section */

/* Begin PBXFileReference section */
		34550A4D662E775EE3EFC36F /* Pods-adamaTestProject.debug.xcconfig */ = {isa = PBXFileReference; includeInIndex = 1; lastKnownFileType = text.xcconfig; name = "Pods-adamaTestProject.debug.xcconfig"; path = "Pods/Target Support Files/Pods-adamaTestProject/Pods-adamaTestProject.debug.xcconfig"; sourceTree = "<group>"; };
		665E9BF42C2B77968652B0D1 /* Pods-adamaTestProject.release.xcconfig */ = {isa = PBXFileReference; includeInIndex = 1; lastKnownFileType = text.xcconfig; name = "Pods-adamaTestProject.release.xcconfig"; path = "Pods/Target Support Files/Pods-adamaTestProject/Pods-adamaTestProject.release.xcconfig"; sourceTree = "<group>"; };
		7B789EE5100EBB859D595AE4 /* libPods-adamaTestProject.a */ = {isa = PBXFileReference; explicitFileType = archive.ar; includeInIndex = 0; path = "libPods-adamaTestProject.a"; sourceTree = BUILT_PRODUCTS_DIR; };
		CDA74F8C1D1073E9001A3E3D /* KSPrepsViewController.h */ = {isa = PBXFileReference; fileEncoding = 4; lastKnownFileType = sourcecode.c.h; path = KSPrepsViewController.h; sourceTree = "<group>"; };
		CDA74F8D1D1073E9001A3E3D /* KSPrepsViewController.m */ = {isa = PBXFileReference; fileEncoding = 4; lastKnownFileType = sourcecode.c.objc; path = KSPrepsViewController.m; sourceTree = "<group>"; };
		CDA74F921D1074C4001A3E3D /* KSPrepsDetailViewController.h */ = {isa = PBXFileReference; fileEncoding = 4; lastKnownFileType = sourcecode.c.h; path = KSPrepsDetailViewController.h; sourceTree = "<group>"; };
		CDA74F931D1074C4001A3E3D /* KSPrepsDetailViewController.m */ = {isa = PBXFileReference; fileEncoding = 4; lastKnownFileType = sourcecode.c.objc; path = KSPrepsDetailViewController.m; sourceTree = "<group>"; };
		CDA74F951D1076F4001A3E3D /* KSPreparations.h */ = {isa = PBXFileReference; fileEncoding = 4; lastKnownFileType = sourcecode.c.h; path = KSPreparations.h; sourceTree = "<group>"; };
		CDA74F961D1076F4001A3E3D /* KSPreparations.m */ = {isa = PBXFileReference; fileEncoding = 4; lastKnownFileType = sourcecode.c.objc; path = KSPreparations.m; sourceTree = "<group>"; };
		CDA74F9B1D10800A001A3E3D /* KSPrepsTableViewCell.h */ = {isa = PBXFileReference; fileEncoding = 4; lastKnownFileType = sourcecode.c.h; path = KSPrepsTableViewCell.h; sourceTree = "<group>"; };
		CDA74F9C1D10800A001A3E3D /* KSPrepsTableViewCell.m */ = {isa = PBXFileReference; fileEncoding = 4; lastKnownFileType = sourcecode.c.objc; path = KSPrepsTableViewCell.m; sourceTree = "<group>"; };
		CDA74F9E1D1084A3001A3E3D /* database.sqlite */ = {isa = PBXFileReference; lastKnownFileType = file; name = database.sqlite; path = ../../adamaTestProject/database.sqlite; sourceTree = "<group>"; };
		CDA74FA11D10BBD8001A3E3D /* KSPreparationsDetail.h */ = {isa = PBXFileReference; fileEncoding = 4; lastKnownFileType = sourcecode.c.h; path = KSPreparationsDetail.h; sourceTree = "<group>"; };
		CDA74FA21D10BBD8001A3E3D /* KSPreparationsDetail.m */ = {isa = PBXFileReference; fileEncoding = 4; lastKnownFileType = sourcecode.c.objc; path = KSPreparationsDetail.m; sourceTree = "<group>"; };
		CDA74FA51D119639001A3E3D /* KSPrepsDetailTableViewCell.h */ = {isa = PBXFileReference; fileEncoding = 4; lastKnownFileType = sourcecode.c.h; path = KSPrepsDetailTableViewCell.h; sourceTree = "<group>"; };
		CDA74FA61D119639001A3E3D /* KSPrepsDetailTableViewCell.m */ = {isa = PBXFileReference; fileEncoding = 4; lastKnownFileType = sourcecode.c.objc; path = KSPrepsDetailTableViewCell.m; sourceTree = "<group>"; };
		CDA74FA81D120CB2001A3E3D /* KSHeaderTableViewCell.h */ = {isa = PBXFileReference; fileEncoding = 4; lastKnownFileType = sourcecode.c.h; path = KSHeaderTableViewCell.h; sourceTree = "<group>"; };
		CDA74FA91D120CB2001A3E3D /* KSHeaderTableViewCell.m */ = {isa = PBXFileReference; fileEncoding = 4; lastKnownFileType = sourcecode.c.objc; path = KSHeaderTableViewCell.m; sourceTree = "<group>"; };
		CDA74FAC1D121A6E001A3E3D /* KSDownloadHelper.h */ = {isa = PBXFileReference; fileEncoding = 4; lastKnownFileType = sourcecode.c.h; path = KSDownloadHelper.h; sourceTree = "<group>"; };
		CDA74FAD1D121A6E001A3E3D /* KSDownloadHelper.m */ = {isa = PBXFileReference; fileEncoding = 4; lastKnownFileType = sourcecode.c.objc; path = KSDownloadHelper.m; sourceTree = "<group>"; };
		CDEE3DAA1D10261F0005C8A2 /* adamaTestProject.app */ = {isa = PBXFileReference; explicitFileType = wrapper.application; includeInIndex = 0; path = adamaTestProject.app; sourceTree = BUILT_PRODUCTS_DIR; };
		CDEE3DAE1D10261F0005C8A2 /* main.m */ = {isa = PBXFileReference; lastKnownFileType = sourcecode.c.objc; path = main.m; sourceTree = "<group>"; };
		CDEE3DB01D10261F0005C8A2 /* AppDelegate.h */ = {isa = PBXFileReference; lastKnownFileType = sourcecode.c.h; path = AppDelegate.h; sourceTree = "<group>"; };
		CDEE3DB11D10261F0005C8A2 /* AppDelegate.m */ = {isa = PBXFileReference; lastKnownFileType = sourcecode.c.objc; path = AppDelegate.m; sourceTree = "<group>"; };
		CDEE3DB91D10261F0005C8A2 /* Assets.xcassets */ = {isa = PBXFileReference; lastKnownFileType = folder.assetcatalog; path = Assets.xcassets; sourceTree = "<group>"; };
		CDEE3DBE1D10261F0005C8A2 /* Info.plist */ = {isa = PBXFileReference; lastKnownFileType = text.plist.xml; path = Info.plist; sourceTree = "<group>"; };
		CDEE3DC31D10261F0005C8A2 /* adamaTestProjectUITests.xctest */ = {isa = PBXFileReference; explicitFileType = wrapper.cfbundle; includeInIndex = 0; path = adamaTestProjectUITests.xctest; sourceTree = BUILT_PRODUCTS_DIR; };
		CDEE3DDC1D103D240005C8A2 /* Base */ = {isa = PBXFileReference; lastKnownFileType = file.storyboard; name = Base; path = Base.lproj/LaunchScreen.storyboard; sourceTree = "<group>"; };
		CDEE3DDE1D103D240005C8A2 /* Base */ = {isa = PBXFileReference; lastKnownFileType = file.storyboard; name = Base; path = Base.lproj/Main.storyboard; sourceTree = "<group>"; };
		CDEE3DE41D10432B0005C8A2 /* KSDatabaseManager.h */ = {isa = PBXFileReference; fileEncoding = 4; lastKnownFileType = sourcecode.c.h; path = KSDatabaseManager.h; sourceTree = "<group>"; };
		CDEE3DE51D10432B0005C8A2 /* KSDatabaseManager.m */ = {isa = PBXFileReference; fileEncoding = 4; lastKnownFileType = sourcecode.c.objc; path = KSDatabaseManager.m; sourceTree = "<group>"; };
		CDEE3DE81D10438E0005C8A2 /* KSDispatch.h */ = {isa = PBXFileReference; fileEncoding = 4; lastKnownFileType = sourcecode.c.h; path = KSDispatch.h; sourceTree = "<group>"; };
		CDEE3DE91D10438E0005C8A2 /* KSDispatch.m */ = {isa = PBXFileReference; fileEncoding = 4; lastKnownFileType = sourcecode.c.objc; path = KSDispatch.m; sourceTree = "<group>"; };
		CDEE3DEC1D1045650005C8A2 /* KSMacro.h */ = {isa = PBXFileReference; fileEncoding = 4; lastKnownFileType = sourcecode.c.h; path = KSMacro.h; sourceTree = "<group>"; };
/* End PBXFileReference section */

/* Begin PBXFrameworksBuildPhase section */
		CDEE3DA71D10261F0005C8A2 /* Frameworks */ = {
			isa = PBXFrameworksBuildPhase;
			buildActionMask = 2147483647;
			files = (
				B7A5CA8EF04A6A9E9863B4AB /* libPods-adamaTestProject.a in Frameworks */,
			);
			runOnlyForDeploymentPostprocessing = 0;
		};
		CDEE3DC01D10261F0005C8A2 /* Frameworks */ = {
			isa = PBXFrameworksBuildPhase;
			buildActionMask = 2147483647;
			files = (
			);
			runOnlyForDeploymentPostprocessing = 0;
		};
/* End PBXFrameworksBuildPhase section */

/* Begin PBXGroup section */
		6679E7A84BCBC7508D22F9E2 /* Pods */ = {
			isa = PBXGroup;
			children = (
				34550A4D662E775EE3EFC36F /* Pods-adamaTestProject.debug.xcconfig */,
				665E9BF42C2B77968652B0D1 /* Pods-adamaTestProject.release.xcconfig */,
			);
			name = Pods;
			sourceTree = "<group>";
		};
		7968E76B9A842DC2210967D1 /* Frameworks */ = {
			isa = PBXGroup;
			children = (
				7B789EE5100EBB859D595AE4 /* libPods-adamaTestProject.a */,
			);
			name = Frameworks;
			sourceTree = "<group>";
		};
		CDA74F8A1D1073E9001A3E3D /* KSPrepsDetailViewController */ = {
			isa = PBXGroup;
			children = (
				CDA74F921D1074C4001A3E3D /* KSPrepsDetailViewController.h */,
				CDA74F931D1074C4001A3E3D /* KSPrepsDetailViewController.m */,
			);
			path = KSPrepsDetailViewController;
			sourceTree = "<group>";
		};
		CDA74F8B1D1073E9001A3E3D /* KSPrepsViewController */ = {
			isa = PBXGroup;
			children = (
				CDA74F8C1D1073E9001A3E3D /* KSPrepsViewController.h */,
				CDA74F8D1D1073E9001A3E3D /* KSPrepsViewController.m */,
			);
			path = KSPrepsViewController;
			sourceTree = "<group>";
		};
		CDA74F8F1D107494001A3E3D /* Models */ = {
			isa = PBXGroup;
			children = (
				CDA74F901D107494001A3E3D /* KSPreparations */,
				CDA74F911D107494001A3E3D /* KSPreparationsDetail */,
			);
			path = Models;
			sourceTree = "<group>";
		};
		CDA74F901D107494001A3E3D /* KSPreparations */ = {
			isa = PBXGroup;
			children = (
				CDA74F951D1076F4001A3E3D /* KSPreparations.h */,
				CDA74F961D1076F4001A3E3D /* KSPreparations.m */,
			);
			path = KSPreparations;
			sourceTree = "<group>";
		};
		CDA74F911D107494001A3E3D /* KSPreparationsDetail */ = {
			isa = PBXGroup;
			children = (
				CDA74FA11D10BBD8001A3E3D /* KSPreparationsDetail.h */,
				CDA74FA21D10BBD8001A3E3D /* KSPreparationsDetail.m */,
			);
			path = KSPreparationsDetail;
			sourceTree = "<group>";
		};
		CDA74F991D107FE9001A3E3D /* Views */ = {
			isa = PBXGroup;
			children = (
				CDA74FA41D11961A001A3E3D /* KSPrepsDetailTableViewCell */,
				CDA74F9A1D107FE9001A3E3D /* KSPrepsTableViewCell */,
				CDA74FA81D120CB2001A3E3D /* KSHeaderTableViewCell.h */,
				CDA74FA91D120CB2001A3E3D /* KSHeaderTableViewCell.m */,
			);
			name = Views;
			path = Source/Views;
			sourceTree = "<group>";
		};
		CDA74F9A1D107FE9001A3E3D /* KSPrepsTableViewCell */ = {
			isa = PBXGroup;
			children = (
				CDA74F9B1D10800A001A3E3D /* KSPrepsTableViewCell.h */,
				CDA74F9C1D10800A001A3E3D /* KSPrepsTableViewCell.m */,
			);
			path = KSPrepsTableViewCell;
			sourceTree = "<group>";
		};
		CDA74FA01D1084BC001A3E3D /* Data */ = {
			isa = PBXGroup;
			children = (
				CDA74F9E1D1084A3001A3E3D /* database.sqlite */,
			);
			name = Data;
			path = Source/Data;
			sourceTree = "<group>";
		};
		CDA74FA41D11961A001A3E3D /* KSPrepsDetailTableViewCell */ = {
			isa = PBXGroup;
			children = (
				CDA74FA51D119639001A3E3D /* KSPrepsDetailTableViewCell.h */,
				CDA74FA61D119639001A3E3D /* KSPrepsDetailTableViewCell.m */,
			);
			path = KSPrepsDetailTableViewCell;
			sourceTree = "<group>";
		};
		CDA74FAB1D121A56001A3E3D /* KSDownloadHelper */ = {
			isa = PBXGroup;
			children = (
				CDA74FAC1D121A6E001A3E3D /* KSDownloadHelper.h */,
				CDA74FAD1D121A6E001A3E3D /* KSDownloadHelper.m */,
			);
			path = KSDownloadHelper;
			sourceTree = "<group>";
		};
		CDEE3DA11D10261E0005C8A2 = {
			isa = PBXGroup;
			children = (
				CDEE3DD21D103CA50005C8A2 /* Source */,
				CDA74F991D107FE9001A3E3D /* Views */,
				CDA74FA01D1084BC001A3E3D /* Data */,
				CDEE3DE11D10430D0005C8A2 /* Library */,
				CDEE3DAC1D10261F0005C8A2 /* adamaTestProject */,
				CDEE3DAB1D10261F0005C8A2 /* Products */,
				6679E7A84BCBC7508D22F9E2 /* Pods */,
				7968E76B9A842DC2210967D1 /* Frameworks */,
			);
			sourceTree = "<group>";
		};
		CDEE3DAB1D10261F0005C8A2 /* Products */ = {
			isa = PBXGroup;
			children = (
				CDEE3DAA1D10261F0005C8A2 /* adamaTestProject.app */,
				CDEE3DC31D10261F0005C8A2 /* adamaTestProjectUITests.xctest */,
			);
			name = Products;
			sourceTree = "<group>";
		};
		CDEE3DAC1D10261F0005C8A2 /* adamaTestProject */ = {
			isa = PBXGroup;
			children = (
				CDEE3DB01D10261F0005C8A2 /* AppDelegate.h */,
				CDEE3DB11D10261F0005C8A2 /* AppDelegate.m */,
				CDEE3DB91D10261F0005C8A2 /* Assets.xcassets */,
				CDEE3DBE1D10261F0005C8A2 /* Info.plist */,
				CDEE3DAD1D10261F0005C8A2 /* Supporting Files */,
			);
			path = adamaTestProject;
			sourceTree = "<group>";
		};
		CDEE3DAD1D10261F0005C8A2 /* Supporting Files */ = {
			isa = PBXGroup;
			children = (
				CDEE3DAE1D10261F0005C8A2 /* main.m */,
			);
			name = "Supporting Files";
			sourceTree = "<group>";
		};
		CDEE3DD21D103CA50005C8A2 /* Source */ = {
			isa = PBXGroup;
			children = (
				CDA74F8F1D107494001A3E3D /* Models */,
				CDEE3DDA1D103D240005C8A2 /* Interfaces */,
				CDEE3DD61D103CF90005C8A2 /* ViewControllers */,
			);
			path = Source;
			sourceTree = "<group>";
		};
		CDEE3DD61D103CF90005C8A2 /* ViewControllers */ = {
			isa = PBXGroup;
			children = (
				CDA74F8A1D1073E9001A3E3D /* KSPrepsDetailViewController */,
				CDA74F8B1D1073E9001A3E3D /* KSPrepsViewController */,
			);
			path = ViewControllers;
			sourceTree = "<group>";
		};
		CDEE3DDA1D103D240005C8A2 /* Interfaces */ = {
			isa = PBXGroup;
			children = (
				CDEE3DDB1D103D240005C8A2 /* LaunchScreen.storyboard */,
				CDEE3DDD1D103D240005C8A2 /* Main.storyboard */,
			);
			path = Interfaces;
			sourceTree = "<group>";
		};
		CDEE3DE11D10430D0005C8A2 /* Library */ = {
			isa = PBXGroup;
			children = (
				CDEE3DEB1D1045650005C8A2 /* Macros */,
				CDEE3DE21D10430D0005C8A2 /* Classes */,
			);
			name = Library;
			path = Source/Library;
			sourceTree = "<group>";
		};
		CDEE3DE21D10430D0005C8A2 /* Classes */ = {
			isa = PBXGroup;
			children = (
				CDA74FAB1D121A56001A3E3D /* KSDownloadHelper */,
				CDEE3DE71D10438E0005C8A2 /* KSDispatch */,
				CDEE3DE31D10430D0005C8A2 /* KSDatabaseManager */,
			);
			path = Classes;
			sourceTree = "<group>";
		};
		CDEE3DE31D10430D0005C8A2 /* KSDatabaseManager */ = {
			isa = PBXGroup;
			children = (
				CDEE3DE41D10432B0005C8A2 /* KSDatabaseManager.h */,
				CDEE3DE51D10432B0005C8A2 /* KSDatabaseManager.m */,
			);
			path = KSDatabaseManager;
			sourceTree = "<group>";
		};
		CDEE3DE71D10438E0005C8A2 /* KSDispatch */ = {
			isa = PBXGroup;
			children = (
				CDEE3DE81D10438E0005C8A2 /* KSDispatch.h */,
				CDEE3DE91D10438E0005C8A2 /* KSDispatch.m */,
			);
			path = KSDispatch;
			sourceTree = "<group>";
		};
		CDEE3DEB1D1045650005C8A2 /* Macros */ = {
			isa = PBXGroup;
			children = (
				CDEE3DEC1D1045650005C8A2 /* KSMacro.h */,
			);
			path = Macros;
			sourceTree = "<group>";
		};
/* End PBXGroup section */

/* Begin PBXNativeTarget section */
		CDEE3DA91D10261F0005C8A2 /* adamaTestProject */ = {
			isa = PBXNativeTarget;
			buildConfigurationList = CDEE3DCC1D10261F0005C8A2 /* Build configuration list for PBXNativeTarget "adamaTestProject" */;
			buildPhases = (
				4345DA299CBD6BF5C7DB1432 /* 📦 Check Pods Manifest.lock */,
				CDEE3DA61D10261F0005C8A2 /* Sources */,
				CDEE3DA71D10261F0005C8A2 /* Frameworks */,
				CDEE3DA81D10261F0005C8A2 /* Resources */,
				E8C6C564ED741314E0A82E45 /* 📦 Embed Pods Frameworks */,
				3F50F8DF52E0573FD55CADFB /* 📦 Copy Pods Resources */,
			);
			buildRules = (
			);
			dependencies = (
			);
			name = adamaTestProject;
			productName = adamaTestProject;
			productReference = CDEE3DAA1D10261F0005C8A2 /* adamaTestProject.app */;
			productType = "com.apple.product-type.application";
		};
		CDEE3DC21D10261F0005C8A2 /* adamaTestProjectUITests */ = {
			isa = PBXNativeTarget;
			buildConfigurationList = CDEE3DCF1D10261F0005C8A2 /* Build configuration list for PBXNativeTarget "adamaTestProjectUITests" */;
			buildPhases = (
				CDEE3DBF1D10261F0005C8A2 /* Sources */,
				CDEE3DC01D10261F0005C8A2 /* Frameworks */,
				CDEE3DC11D10261F0005C8A2 /* Resources */,
			);
			buildRules = (
			);
			dependencies = (
				CDEE3DC51D10261F0005C8A2 /* PBXTargetDependency */,
			);
			name = adamaTestProjectUITests;
			productName = adamaTestProjectUITests;
			productReference = CDEE3DC31D10261F0005C8A2 /* adamaTestProjectUITests.xctest */;
			productType = "com.apple.product-type.bundle.ui-testing";
		};
/* End PBXNativeTarget section */

/* Begin PBXProject section */
		CDEE3DA21D10261E0005C8A2 /* Project object */ = {
			isa = PBXProject;
			attributes = {
				LastUpgradeCheck = 0730;
				ORGANIZATIONNAME = "Сергій Костюк";
				TargetAttributes = {
					CDEE3DA91D10261F0005C8A2 = {
						CreatedOnToolsVersion = 7.3.1;
					};
					CDEE3DC21D10261F0005C8A2 = {
						CreatedOnToolsVersion = 7.3.1;
						TestTargetID = CDEE3DA91D10261F0005C8A2;
					};
				};
			};
			buildConfigurationList = CDEE3DA51D10261E0005C8A2 /* Build configuration list for PBXProject "adamaTestProject" */;
			compatibilityVersion = "Xcode 3.2";
			developmentRegion = English;
			hasScannedForEncodings = 0;
			knownRegions = (
				en,
				Base,
			);
			mainGroup = CDEE3DA11D10261E0005C8A2;
			productRefGroup = CDEE3DAB1D10261F0005C8A2 /* Products */;
			projectDirPath = "";
			projectRoot = "";
			targets = (
				CDEE3DA91D10261F0005C8A2 /* adamaTestProject */,
				CDEE3DC21D10261F0005C8A2 /* adamaTestProjectUITests */,
			);
		};
/* End PBXProject section */

/* Begin PBXResourcesBuildPhase section */
		CDEE3DA81D10261F0005C8A2 /* Resources */ = {
			isa = PBXResourcesBuildPhase;
			buildActionMask = 2147483647;
			files = (
				CDA74F9F1D1084A3001A3E3D /* database.sqlite in Resources */,
				CDEE3DE01D103D240005C8A2 /* Main.storyboard in Resources */,
				CDEE3DDF1D103D240005C8A2 /* LaunchScreen.storyboard in Resources */,
				CDEE3DBA1D10261F0005C8A2 /* Assets.xcassets in Resources */,
			);
			runOnlyForDeploymentPostprocessing = 0;
		};
		CDEE3DC11D10261F0005C8A2 /* Resources */ = {
			isa = PBXResourcesBuildPhase;
			buildActionMask = 2147483647;
			files = (
			);
			runOnlyForDeploymentPostprocessing = 0;
		};
/* End PBXResourcesBuildPhase section */

/* Begin PBXShellScriptBuildPhase section */
		3F50F8DF52E0573FD55CADFB /* 📦 Copy Pods Resources */ = {
			isa = PBXShellScriptBuildPhase;
			buildActionMask = 2147483647;
			files = (
			);
			inputPaths = (
			);
			name = "📦 Copy Pods Resources";
			outputPaths = (
			);
			runOnlyForDeploymentPostprocessing = 0;
			shellPath = /bin/sh;
			shellScript = "\"${SRCROOT}/Pods/Target Support Files/Pods-adamaTestProject/Pods-adamaTestProject-resources.sh\"\n";
			showEnvVarsInLog = 0;
		};
		4345DA299CBD6BF5C7DB1432 /* 📦 Check Pods Manifest.lock */ = {
			isa = PBXShellScriptBuildPhase;
			buildActionMask = 2147483647;
			files = (
			);
			inputPaths = (
			);
			name = "📦 Check Pods Manifest.lock";
			outputPaths = (
			);
			runOnlyForDeploymentPostprocessing = 0;
			shellPath = /bin/sh;
			shellScript = "diff \"${PODS_ROOT}/../Podfile.lock\" \"${PODS_ROOT}/Manifest.lock\" > /dev/null\nif [[ $? != 0 ]] ; then\n    cat << EOM\nerror: The sandbox is not in sync with the Podfile.lock. Run 'pod install' or update your CocoaPods installation.\nEOM\n    exit 1\nfi\n";
			showEnvVarsInLog = 0;
		};
		E8C6C564ED741314E0A82E45 /* 📦 Embed Pods Frameworks */ = {
			isa = PBXShellScriptBuildPhase;
			buildActionMask = 2147483647;
			files = (
			);
			inputPaths = (
			);
			name = "📦 Embed Pods Frameworks";
			outputPaths = (
			);
			runOnlyForDeploymentPostprocessing = 0;
			shellPath = /bin/sh;
			shellScript = "\"${SRCROOT}/Pods/Target Support Files/Pods-adamaTestProject/Pods-adamaTestProject-frameworks.sh\"\n";
			showEnvVarsInLog = 0;
		};
/* End PBXShellScriptBuildPhase section */

/* Begin PBXSourcesBuildPhase section */
		CDEE3DA61D10261F0005C8A2 /* Sources */ = {
			isa = PBXSourcesBuildPhase;
			buildActionMask = 2147483647;
			files = (
				CDA74FA31D10BBD8001A3E3D /* KSPreparationsDetail.m in Sources */,
				CDA74F941D1074C4001A3E3D /* KSPrepsDetailViewController.m in Sources */,
				CDEE3DEA1D10438E0005C8A2 /* KSDispatch.m in Sources */,
				CDA74F971D1076F4001A3E3D /* KSPreparations.m in Sources */,
				CDA74F8E1D1073E9001A3E3D /* KSPrepsViewController.m in Sources */,
				CDA74F9D1D10800A001A3E3D /* KSPrepsTableViewCell.m in Sources */,
				CDEE3DE61D10432B0005C8A2 /* KSDatabaseManager.m in Sources */,
				CDEE3DB21D10261F0005C8A2 /* AppDelegate.m in Sources */,
				CDA74FAA1D120CB2001A3E3D /* KSHeaderTableViewCell.m in Sources */,
				CDEE3DAF1D10261F0005C8A2 /* main.m in Sources */,
				CDA74FA71D119639001A3E3D /* KSPrepsDetailTableViewCell.m in Sources */,
				CDA74FAE1D121A6E001A3E3D /* KSDownloadHelper.m in Sources */,
			);
			runOnlyForDeploymentPostprocessing = 0;
		};
		CDEE3DBF1D10261F0005C8A2 /* Sources */ = {
			isa = PBXSourcesBuildPhase;
			buildActionMask = 2147483647;
			files = (
			);
			runOnlyForDeploymentPostprocessing = 0;
		};
/* End PBXSourcesBuildPhase section */

/* Begin PBXTargetDependency section */
		CDEE3DC51D10261F0005C8A2 /* PBXTargetDependency */ = {
			isa = PBXTargetDependency;
			target = CDEE3DA91D10261F0005C8A2 /* adamaTestProject */;
			targetProxy = CDEE3DC41D10261F0005C8A2 /* PBXContainerItemProxy */;
		};
/* End PBXTargetDependency section */

/* Begin PBXVariantGroup section */
		CDEE3DDB1D103D240005C8A2 /* LaunchScreen.storyboard */ = {
			isa = PBXVariantGroup;
			children = (
				CDEE3DDC1D103D240005C8A2 /* Base */,
			);
			name = LaunchScreen.storyboard;
			sourceTree = "<group>";
		};
		CDEE3DDD1D103D240005C8A2 /* Main.storyboard */ = {
			isa = PBXVariantGroup;
			children = (
				CDEE3DDE1D103D240005C8A2 /* Base */,
			);
			name = Main.storyboard;
			sourceTree = "<group>";
		};
/* End PBXVariantGroup section */

/* Begin XCBuildConfiguration section */
		CDEE3DCA1D10261F0005C8A2 /* Debug */ = {
			isa = XCBuildConfiguration;
			buildSettings = {
				ALWAYS_SEARCH_USER_PATHS = NO;
				CLANG_ANALYZER_NONNULL = YES;
				CLANG_CXX_LANGUAGE_STANDARD = "gnu++0x";
				CLANG_CXX_LIBRARY = "libc++";
				CLANG_ENABLE_MODULES = YES;
				CLANG_ENABLE_OBJC_ARC = YES;
				CLANG_WARN_BOOL_CONVERSION = YES;
				CLANG_WARN_CONSTANT_CONVERSION = YES;
				CLANG_WARN_DIRECT_OBJC_ISA_USAGE = YES_ERROR;
				CLANG_WARN_EMPTY_BODY = YES;
				CLANG_WARN_ENUM_CONVERSION = YES;
				CLANG_WARN_INT_CONVERSION = YES;
				CLANG_WARN_OBJC_ROOT_CLASS = YES_ERROR;
				CLANG_WARN_UNREACHABLE_CODE = YES;
				CLANG_WARN__DUPLICATE_METHOD_MATCH = YES;
				"CODE_SIGN_IDENTITY[sdk=iphoneos*]" = "iPhone Developer";
				COPY_PHASE_STRIP = NO;
				DEBUG_INFORMATION_FORMAT = dwarf;
				ENABLE_STRICT_OBJC_MSGSEND = YES;
				ENABLE_TESTABILITY = YES;
				GCC_C_LANGUAGE_STANDARD = gnu99;
				GCC_DYNAMIC_NO_PIC = NO;
				GCC_NO_COMMON_BLOCKS = YES;
				GCC_OPTIMIZATION_LEVEL = 0;
				GCC_PREPROCESSOR_DEFINITIONS = (
					"DEBUG=1",
					"$(inherited)",
				);
				GCC_WARN_64_TO_32_BIT_CONVERSION = YES;
				GCC_WARN_ABOUT_RETURN_TYPE = YES_ERROR;
				GCC_WARN_UNDECLARED_SELECTOR = YES;
				GCC_WARN_UNINITIALIZED_AUTOS = YES_AGGRESSIVE;
				GCC_WARN_UNUSED_FUNCTION = YES;
				GCC_WARN_UNUSED_VARIABLE = YES;
				IPHONEOS_DEPLOYMENT_TARGET = 9.3;
				MTL_ENABLE_DEBUG_INFO = YES;
				ONLY_ACTIVE_ARCH = YES;
				SDKROOT = iphoneos;
			};
			name = Debug;
		};
		CDEE3DCB1D10261F0005C8A2 /* Release */ = {
			isa = XCBuildConfiguration;
			buildSettings = {
				ALWAYS_SEARCH_USER_PATHS = NO;
				CLANG_ANALYZER_NONNULL = YES;
				CLANG_CXX_LANGUAGE_STANDARD = "gnu++0x";
				CLANG_CXX_LIBRARY = "libc++";
				CLANG_ENABLE_MODULES = YES;
				CLANG_ENABLE_OBJC_ARC = YES;
				CLANG_WARN_BOOL_CONVERSION = YES;
				CLANG_WARN_CONSTANT_CONVERSION = YES;
				CLANG_WARN_DIRECT_OBJC_ISA_USAGE = YES_ERROR;
				CLANG_WARN_EMPTY_BODY = YES;
				CLANG_WARN_ENUM_CONVERSION = YES;
				CLANG_WARN_INT_CONVERSION = YES;
				CLANG_WARN_OBJC_ROOT_CLASS = YES_ERROR;
				CLANG_WARN_UNREACHABLE_CODE = YES;
				CLANG_WARN__DUPLICATE_METHOD_MATCH = YES;
				"CODE_SIGN_IDENTITY[sdk=iphoneos*]" = "iPhone Developer";
				COPY_PHASE_STRIP = NO;
				DEBUG_INFORMATION_FORMAT = "dwarf-with-dsym";
				ENABLE_NS_ASSERTIONS = NO;
				ENABLE_STRICT_OBJC_MSGSEND = YES;
				GCC_C_LANGUAGE_STANDARD = gnu99;
				GCC_NO_COMMON_BLOCKS = YES;
				GCC_WARN_64_TO_32_BIT_CONVERSION = YES;
				GCC_WARN_ABOUT_RETURN_TYPE = YES_ERROR;
				GCC_WARN_UNDECLARED_SELECTOR = YES;
				GCC_WARN_UNINITIALIZED_AUTOS = YES_AGGRESSIVE;
				GCC_WARN_UNUSED_FUNCTION = YES;
				GCC_WARN_UNUSED_VARIABLE = YES;
				IPHONEOS_DEPLOYMENT_TARGET = 9.3;
				MTL_ENABLE_DEBUG_INFO = NO;
				SDKROOT = iphoneos;
				VALIDATE_PRODUCT = YES;
			};
			name = Release;
		};
		CDEE3DCD1D10261F0005C8A2 /* Debug */ = {
			isa = XCBuildConfiguration;
			baseConfigurationReference = 34550A4D662E775EE3EFC36F /* Pods-adamaTestProject.debug.xcconfig */;
			buildSettings = {
				ASSETCATALOG_COMPILER_APPICON_NAME = AppIcon;
				INFOPLIST_FILE = adamaTestProject/Info.plist;
				LD_RUNPATH_SEARCH_PATHS = "$(inherited) @executable_path/Frameworks";
				PRODUCT_BUNDLE_IDENTIFIER = kostiuk.adamaTestProject;
				PRODUCT_NAME = "$(TARGET_NAME)";
			};
			name = Debug;
		};
		CDEE3DCE1D10261F0005C8A2 /* Release */ = {
			isa = XCBuildConfiguration;
			baseConfigurationReference = 665E9BF42C2B77968652B0D1 /* Pods-adamaTestProject.release.xcconfig */;
			buildSettings = {
				ASSETCATALOG_COMPILER_APPICON_NAME = AppIcon;
				INFOPLIST_FILE = adamaTestProject/Info.plist;
				LD_RUNPATH_SEARCH_PATHS = "$(inherited) @executable_path/Frameworks";
				PRODUCT_BUNDLE_IDENTIFIER = kostiuk.adamaTestProject;
				PRODUCT_NAME = "$(TARGET_NAME)";
			};
			name = Release;
		};
		CDEE3DD01D10261F0005C8A2 /* Debug */ = {
			isa = XCBuildConfiguration;
			buildSettings = {
				INFOPLIST_FILE = adamaTestProjectUITests/Info.plist;
				LD_RUNPATH_SEARCH_PATHS = "$(inherited) @executable_path/Frameworks @loader_path/Frameworks";
				PRODUCT_BUNDLE_IDENTIFIER = kostiuk.adamaTestProjectUITests;
				PRODUCT_NAME = "$(TARGET_NAME)";
				TEST_TARGET_NAME = adamaTestProject;
			};
			name = Debug;
		};
		CDEE3DD11D10261F0005C8A2 /* Release */ = {
			isa = XCBuildConfiguration;
			buildSettings = {
				INFOPLIST_FILE = adamaTestProjectUITests/Info.plist;
				LD_RUNPATH_SEARCH_PATHS = "$(inherited) @executable_path/Frameworks @loader_path/Frameworks";
				PRODUCT_BUNDLE_IDENTIFIER = kostiuk.adamaTestProjectUITests;
				PRODUCT_NAME = "$(TARGET_NAME)";
				TEST_TARGET_NAME = adamaTestProject;
			};
			name = Release;
		};
/* End XCBuildConfiguration section */

/* Begin XCConfigurationList section */
		CDEE3DA51D10261E0005C8A2 /* Build configuration list for PBXProject "adamaTestProject" */ = {
			isa = XCConfigurationList;
			buildConfigurations = (
				CDEE3DCA1D10261F0005C8A2 /* Debug */,
				CDEE3DCB1D10261F0005C8A2 /* Release */,
			);
			defaultConfigurationIsVisible = 0;
			defaultConfigurationName = Release;
		};
		CDEE3DCC1D10261F0005C8A2 /* Build configuration list for PBXNativeTarget "adamaTestProject" */ = {
			isa = XCConfigurationList;
			buildConfigurations = (
				CDEE3DCD1D10261F0005C8A2 /* Debug */,
				CDEE3DCE1D10261F0005C8A2 /* Release */,
			);
			defaultConfigurationIsVisible = 0;
			defaultConfigurationName = Release;
		};
		CDEE3DCF1D10261F0005C8A2 /* Build configuration list for PBXNativeTarget "adamaTestProjectUITests" */ = {
			isa = XCConfigurationList;
			buildConfigurations = (
				CDEE3DD01D10261F0005C8A2 /* Debug */,
				CDEE3DD11D10261F0005C8A2 /* Release */,
			);
			defaultConfigurationIsVisible = 0;
			defaultConfigurationName = Release;
		};
/* End XCConfigurationList section */
	};
	rootObject = CDEE3DA21D10261E0005C8A2 /* Project object */;
}
